{
  "name": "scrap",
  "version": "1.0.0",
  "lockfileVersion": 3,
  "requires": true,
  "packages": {
    "": {
      "name": "scrap",
      "version": "1.0.0",
      "license": "ISC",
      "dependencies": {
        "playwright": "^1.63.0",
        "spectorjs": "^0.9.33"
      }
    },
    "node_modules/@shaderfrog/glsl-parser": {
      "version": "7.0.1",
      "resolved": "https://registry.npmjs.org/@shaderfrog/glsl-parser/-/glsl-parser-7.0.1.tgz",
      "integrity": "sha512-8mpfsoPeRhesY3pOrzNZBL8uG6N5GVX1EHLBYbd4gzKs+c7vaEIqpTNK5VrffU33qQN4cwpP2v3u4aPPBU32sw==",
      "license": "ISC",
      "engines": {
        "node": ">=16"
      }
    },
    "node_modules/playwright": {
      "version": "1.63.0",
      "resolved": "https://registry.npmjs.org/playwright/-/playwright-1.63.0.tgz",
      "integrity": "sha512-+7ziBLidS4NaNCdt57SUDT+wYmmd5fmiQejUic/kb+YsYSCPyOOE9sebzMjNmQrsnNpDJqd4WHvV/8lfKfUDUg==",
      "license": "Apache-2.0",
      "dependencies": {
        "playwright-core": "1.63.0"
      },
      "bin": {
        "playwright": "cli.js"
      },
      "engines": {
        "node": ">=20"
      }
    },
    "node_modules/playwright-core": {
      "version": "1.63.0",
      "resolved": "https://registry.npmjs.org/playwright-core/-/playwright-core-1.63.0.tgz",
      "integrity": "sha512-rYCsBF/M5HjUch52bbtVONEFjv6Xu8sm8h72dNlR5bzIE1fvC/bxgspzkjSfU+MweEMmPM8KJebG6nnyxo5mCg==",
      "license": "Apache-2.0",
      "bin": {
        "playwright-core": "cli.js"
      },
      "engines": {
        "node": ">=20"
      }
    },
    "node_modules/react": {
      "version": "19.3.0",
      "resolved": "https://registry.npmjs.org/react/-/react-19.3.0.tgz",
      "integrity": "sha512-E8LUcbtBWt20bbl2YoHfx4ZDBdxVTfOKtCZn9cDSJ4l6/nuoApcpIBcj47t2wZoVX8g2ZHuMHbiShgCR1T5Sog==",
      "license": "MIT",
      "engines": {
        "node": ">=0.10.0"
      }
    },
    "node_modules/react-dom": {
      "version": "19.3.0",
      "resolved": "https://registry.npmjs.org/react-dom/-/react-dom-19.3.0.tgz",
      "integrity": "sha512-JDk8dgif51OjFoDE70+OT9ICyYr+69HlmihNwp1+Nsfbna3t5sIiCa9ZJktDmQ4/1b/rn26hIAR2uYXDMr5r0Q==",
      "license": "MIT",
      "dependencies": {
        "scheduler": "^0.28.0"
      },
      "peerDependencies": {
        "react": "^19.3.0"
      }
    },
    "node_modules/scheduler": {
      "version": "0.28.0",
      "resolved": "https://registry.npmjs.org/scheduler/-/scheduler-0.28.0.tgz",
      "integrity": "sha512-juorfCmIkIw8tT+p5BXSm6PJjQF/ycEYmKyzURCIt/RaZIhL+PulbQ9Yu2z1HdOJDdqDTlxA1+xKBmHXJsczAw==",
      "license": "MIT"
    },
    "node_modules/spectorjs": {
      "version": "0.9.33",
      "resolved": "https://registry.npmjs.org/spectorjs/-/spectorjs-0.9.33.tgz",
      "integrity": "sha512-A2KlOxe5qmeP89j2BfFBCb2E6jk75fnXgUhFikqHu4TsrQAZvHKAA7fuqWX3IVOPN5Of73QvXw/twYbnL0fT2w==",
      "license": "MIT",
      "dependencies": {
        "@shaderfrog/glsl-parser": "^7.0.1",
        "react": "^19.2.4",
        "react-dom": "^19.2.4"
      }
    }
  }
}
